{
  "requires": true,
  "lockfileVersion": 1,
  "dependencies": {
    "bootstrap": {
      "version": "4.0.0",
      "resolved": "https://registry.npmjs.org/bootstrap/-/bootstrap-4.0.0.tgz",
      "integrity": "sha512-gulJE5dGFo6Q61V/whS6VM4WIyrlydXfCgkE+Gxe5hjrJ8rXLLZlALq7zq2RPhOc45PSwQpJkrTnc2KgD6cvmA=="
    },
    "ngx-bootstrap": {
      "version": "2.0.3",
      "resolved": "https://registry.npmjs.org/ngx-bootstrap/-/ngx-bootstrap-2.0.3.tgz",
      "integrity": "sha512-SdtOQeQrT2BW5mUbzotZF8S55QaAYOBT7orrl2Pi/U5mCVH4U7YJIaN7yNzMfjGsYINmBOSY8Zi1MBUC1UzbWg=="
    }
  }
}
